
Microsoft Visual Studio Solution File, Format Version 12.00
# Visual Studio Version 16
VisualStudioVersion = 16.0.30114.105
MinimumVisualStudioVersion = 10.0.40219.1
Project("{FAE04EC0-301F-11D3-BF4B-00C04F79EFBC}") = "Catalogo.API", "Catalogo.API\Catalogo.API.csproj", "{193A051D-5538-45B3-95DF-47549D58D97B}"
EndProject
Project("{FAE04EC0-301F-11D3-BF4B-00C04F79EFBC}") = "Basket.API", "Basket.API\Basket.API.csproj", "{5FE48E8C-5A34-448D-ABA1-CFCDE27EA22E}"
EndProject
Project("{FAE04EC0-301F-11D3-BF4B-00C04F79EFBC}") = "Discount.API", "Discount.API\Discount.API.csproj", "{C932A0D8-CBDA-4194-80FE-F43A9337759A}"
EndProject
Project("{FAE04EC0-301F-11D3-BF4B-00C04F79EFBC}") = "Discount.Grpc", "Discount.Grpc\Discount.Grpc.csproj", "{754F1B89-2999-4A54-8B75-F9825A013792}"
EndProject
Global
	GlobalSection(SolutionConfigurationPlatforms) = preSolution
		Debug|Any CPU = Debug|Any CPU
		Debug|x64 = Debug|x64
		Debug|x86 = Debug|x86
		Release|Any CPU = Release|Any CPU
		Release|x64 = Release|x64
		Release|x86 = Release|x86
	EndGlobalSection
	GlobalSection(SolutionProperties) = preSolution
		HideSolutionNode = FALSE
	EndGlobalSection
	GlobalSection(ProjectConfigurationPlatforms) = postSolution
		{193A051D-5538-45B3-95DF-47549D58D97B}.Debug|Any CPU.ActiveCfg = Debug|Any CPU
		{193A051D-5538-45B3-95DF-47549D58D97B}.Debug|Any CPU.Build.0 = Debug|Any CPU
		{193A051D-5538-45B3-95DF-47549D58D97B}.Debug|x64.ActiveCfg = Debug|Any CPU
		{193A051D-5538-45B3-95DF-47549D58D97B}.Debug|x64.Build.0 = Debug|Any CPU
		{193A051D-5538-45B3-95DF-47549D58D97B}.Debug|x86.ActiveCfg = Debug|Any CPU
		{193A051D-5538-45B3-95DF-47549D58D97B}.Debug|x86.Build.0 = Debug|Any CPU
		{193A051D-5538-45B3-95DF-47549D58D97B}.Release|Any CPU.ActiveCfg = Release|Any CPU
		{193A051D-5538-45B3-95DF-47549D58D97B}.Release|Any CPU.Build.0 = Release|Any CPU
		{193A051D-5538-45B3-95DF-47549D58D97B}.Release|x64.ActiveCfg = Release|Any CPU
		{193A051D-5538-45B3-95DF-47549D58D97B}.Release|x64.Build.0 = Release|Any CPU
		{193A051D-5538-45B3-95DF-47549D58D97B}.Release|x86.ActiveCfg = Release|Any CPU
		{193A051D-5538-45B3-95DF-47549D58D97B}.Release|x86.Build.0 = Release|Any CPU
		{5FE48E8C-5A34-448D-ABA1-CFCDE27EA22E}.Debug|Any CPU.ActiveCfg = Debug|Any CPU
		{5FE48E8C-5A34-448D-ABA1-CFCDE27EA22E}.Debug|Any CPU.Build.0 = Debug|Any CPU
		{5FE48E8C-5A34-448D-ABA1-CFCDE27EA22E}.Debug|x64.ActiveCfg = Debug|Any CPU
		{5FE48E8C-5A34-448D-ABA1-CFCDE27EA22E}.Debug|x64.Build.0 = Debug|Any CPU
		{5FE48E8C-5A34-448D-ABA1-CFCDE27EA22E}.Debug|x86.ActiveCfg = Debug|Any CPU
		{5FE48E8C-5A34-448D-ABA1-CFCDE27EA22E}.Debug|x86.Build.0 = Debug|Any CPU
		{5FE48E8C-5A34-448D-ABA1-CFCDE27EA22E}.Release|Any CPU.ActiveCfg = Release|Any CPU
		{5FE48E8C-5A34-448D-ABA1-CFCDE27EA22E}.Release|Any CPU.Build.0 = Release|Any CPU
		{5FE48E8C-5A34-448D-ABA1-CFCDE27EA22E}.Release|x64.ActiveCfg = Release|Any CPU
		{5FE48E8C-5A34-448D-ABA1-CFCDE27EA22E}.Release|x64.Build.0 = Release|Any CPU
		{5FE48E8C-5A34-448D-ABA1-CFCDE27EA22E}.Release|x86.ActiveCfg = Release|Any CPU
		{5FE48E8C-5A34-448D-ABA1-CFCDE27EA22E}.Release|x86.Build.0 = Release|Any CPU
		{C932A0D8-CBDA-4194-80FE-F43A9337759A}.Debug|Any CPU.ActiveCfg = Debug|Any CPU
		{C932A0D8-CBDA-4194-80FE-F43A9337759A}.Debug|Any CPU.Build.0 = Debug|Any CPU
		{C932A0D8-CBDA-4194-80FE-F43A9337759A}.Debug|x64.ActiveCfg = Debug|Any CPU
		{C932A0D8-CBDA-4194-80FE-F43A9337759A}.Debug|x64.Build.0 = Debug|Any CPU
		{C932A0D8-CBDA-4194-80FE-F43A9337759A}.Debug|x86.ActiveCfg = Debug|Any CPU
		{C932A0D8-CBDA-4194-80FE-F43A9337759A}.Debug|x86.Build.0 = Debug|Any CPU
		{C932A0D8-CBDA-4194-80FE-F43A9337759A}.Release|Any CPU.ActiveCfg = Release|Any CPU
		{C932A0D8-CBDA-4194-80FE-F43A9337759A}.Release|Any CPU.Build.0 = Release|Any CPU
		{C932A0D8-CBDA-4194-80FE-F43A9337759A}.Release|x64.ActiveCfg = Release|Any CPU
		{C932A0D8-CBDA-4194-80FE-F43A9337759A}.Release|x64.Build.0 = Release|Any CPU
		{C932A0D8-CBDA-4194-80FE-F43A9337759A}.Release|x86.ActiveCfg = Release|Any CPU
		{C932A0D8-CBDA-4194-80FE-F43A9337759A}.Release|x86.Build.0 = Release|Any CPU
		{754F1B89-2999-4A54-8B75-F9825A013792}.Debug|Any CPU.ActiveCfg = Debug|Any CPU
		{754F1B89-2999-4A54-8B75-F9825A013792}.Debug|Any CPU.Build.0 = Debug|Any CPU
		{754F1B89-2999-4A54-8B75-F9825A013792}.Debug|x64.ActiveCfg = Debug|Any CPU
		{754F1B89-2999-4A54-8B75-F9825A013792}.Debug|x64.Build.0 = Debug|Any CPU
		{754F1B89-2999-4A54-8B75-F9825A013792}.Debug|x86.ActiveCfg = Debug|Any CPU
		{754F1B89-2999-4A54-8B75-F9825A013792}.Debug|x86.Build.0 = Debug|Any CPU
		{754F1B89-2999-4A54-8B75-F9825A013792}.Release|Any CPU.ActiveCfg = Release|Any CPU
		{754F1B89-2999-4A54-8B75-F9825A013792}.Release|Any CPU.Build.0 = Release|Any CPU
		{754F1B89-2999-4A54-8B75-F9825A013792}.Release|x64.ActiveCfg = Release|Any CPU
		{754F1B89-2999-4A54-8B75-F9825A013792}.Release|x64.Build.0 = Release|Any CPU
		{754F1B89-2999-4A54-8B75-F9825A013792}.Release|x86.ActiveCfg = Release|Any CPU
		{754F1B89-2999-4A54-8B75-F9825A013792}.Release|x86.Build.0 = Release|Any CPU
	EndGlobalSection
EndGlobal
